
Microsoft Visual Studio Solution File, Format Version 12.00
# Visual Studio 15
VisualStudioVersion = 15.0.26124.0
MinimumVisualStudioVersion = 15.0.26124.0
Project("{9A19103F-16F7-4668-BE54-9A1E7A4F7556}") = "Itas.Infrastructure.Consumer", "Itas.Infrastructure.RabbitServer\Itas.Infrastructure.Consumer.csproj", "{9374FD2C-E519-42C8-86BD-0F40F8F30F03}"
EndProject
Project("{9A19103F-16F7-4668-BE54-9A1E7A4F7556}") = "RabbitHost.Test", "RabbitHost.Test\RabbitHost.Test.csproj", "{D275A1EF-73C1-44A8-8A13-7337E105EA81}"
EndProject
Project("{9A19103F-16F7-4668-BE54-9A1E7A4F7556}") = "Listener.Demo", "Listener.Demo\Listener.Demo.csproj", "{A9A0976F-D610-4B35-8242-0304F115EF71}"
EndProject
Project("{2150E333-8FDC-42A3-9474-1A3956D46DE8}") = "Solution Items", "Solution Items", "{3D808B49-DA7F-4A82-989D-2F842836EEA7}"
	ProjectSection(SolutionItems) = preProject
		md-template.html = md-template.html
		readme.md = readme.md
	EndProjectSection
EndProject
Project("{9A19103F-16F7-4668-BE54-9A1E7A4F7556}") = "Itas.Infrastructure.Messaging.RabbitConsumer", "Itas.Infrastructure.Messaging.RabbitAdapter\Itas.Infrastructure.Messaging.RabbitConsumer.csproj", "{52D924EE-E7FC-4509-9DAF-0F340007D3B2}"
EndProject
Project("{9A19103F-16F7-4668-BE54-9A1E7A4F7556}") = "Itas.Infrastructure.Messaging.RabbitProducer", "Itas.Infrastructure.Messaging.RabbitProducer\Itas.Infrastructure.Messaging.RabbitProducer.csproj", "{7882B488-799A-491D-B2EA-E9495BF38E28}"
EndProject
Project("{2150E333-8FDC-42A3-9474-1A3956D46DE8}") = "Demo", "Demo", "{D8007084-A351-410D-8287-35C68E31FAEE}"
EndProject
Project("{9A19103F-16F7-4668-BE54-9A1E7A4F7556}") = "Producer.Demo", "Producer.Demo\Producer.Demo.csproj", "{0FCEF53E-C262-446C-8E7A-81A57C10822A}"
EndProject
Project("{9A19103F-16F7-4668-BE54-9A1E7A4F7556}") = "Demo.Events", "Demo.Events\Demo.Events.csproj", "{21F99BBA-A8F5-4761-977A-512929024445}"
EndProject
Global
	GlobalSection(SolutionConfigurationPlatforms) = preSolution
		Debug|Any CPU = Debug|Any CPU
		Release|Any CPU = Release|Any CPU
	EndGlobalSection
	GlobalSection(ProjectConfigurationPlatforms) = postSolution
		{9374FD2C-E519-42C8-86BD-0F40F8F30F03}.Debug|Any CPU.ActiveCfg = Debug|Any CPU
		{9374FD2C-E519-42C8-86BD-0F40F8F30F03}.Debug|Any CPU.Build.0 = Debug|Any CPU
		{9374FD2C-E519-42C8-86BD-0F40F8F30F03}.Release|Any CPU.ActiveCfg = Release|Any CPU
		{9374FD2C-E519-42C8-86BD-0F40F8F30F03}.Release|Any CPU.Build.0 = Release|Any CPU
		{D275A1EF-73C1-44A8-8A13-7337E105EA81}.Debug|Any CPU.ActiveCfg = Debug|Any CPU
		{D275A1EF-73C1-44A8-8A13-7337E105EA81}.Debug|Any CPU.Build.0 = Debug|Any CPU
		{D275A1EF-73C1-44A8-8A13-7337E105EA81}.Release|Any CPU.ActiveCfg = Release|Any CPU
		{D275A1EF-73C1-44A8-8A13-7337E105EA81}.Release|Any CPU.Build.0 = Release|Any CPU
		{A9A0976F-D610-4B35-8242-0304F115EF71}.Debug|Any CPU.ActiveCfg = Debug|Any CPU
		{A9A0976F-D610-4B35-8242-0304F115EF71}.Debug|Any CPU.Build.0 = Debug|Any CPU
		{A9A0976F-D610-4B35-8242-0304F115EF71}.Release|Any CPU.ActiveCfg = Release|Any CPU
		{A9A0976F-D610-4B35-8242-0304F115EF71}.Release|Any CPU.Build.0 = Release|Any CPU
		{52D924EE-E7FC-4509-9DAF-0F340007D3B2}.Debug|Any CPU.ActiveCfg = Debug|Any CPU
		{52D924EE-E7FC-4509-9DAF-0F340007D3B2}.Debug|Any CPU.Build.0 = Debug|Any CPU
		{52D924EE-E7FC-4509-9DAF-0F340007D3B2}.Release|Any CPU.ActiveCfg = Release|Any CPU
		{52D924EE-E7FC-4509-9DAF-0F340007D3B2}.Release|Any CPU.Build.0 = Release|Any CPU
		{7882B488-799A-491D-B2EA-E9495BF38E28}.Debug|Any CPU.ActiveCfg = Debug|Any CPU
		{7882B488-799A-491D-B2EA-E9495BF38E28}.Debug|Any CPU.Build.0 = Debug|Any CPU
		{7882B488-799A-491D-B2EA-E9495BF38E28}.Release|Any CPU.ActiveCfg = Release|Any CPU
		{7882B488-799A-491D-B2EA-E9495BF38E28}.Release|Any CPU.Build.0 = Release|Any CPU
		{0FCEF53E-C262-446C-8E7A-81A57C10822A}.Debug|Any CPU.ActiveCfg = Debug|Any CPU
		{0FCEF53E-C262-446C-8E7A-81A57C10822A}.Debug|Any CPU.Build.0 = Debug|Any CPU
		{0FCEF53E-C262-446C-8E7A-81A57C10822A}.Release|Any CPU.ActiveCfg = Release|Any CPU
		{0FCEF53E-C262-446C-8E7A-81A57C10822A}.Release|Any CPU.Build.0 = Release|Any CPU
		{21F99BBA-A8F5-4761-977A-512929024445}.Debug|Any CPU.ActiveCfg = Debug|Any CPU
		{21F99BBA-A8F5-4761-977A-512929024445}.Debug|Any CPU.Build.0 = Debug|Any CPU
		{21F99BBA-A8F5-4761-977A-512929024445}.Release|Any CPU.ActiveCfg = Release|Any CPU
		{21F99BBA-A8F5-4761-977A-512929024445}.Release|Any CPU.Build.0 = Release|Any CPU
	EndGlobalSection
	GlobalSection(SolutionProperties) = preSolution
		HideSolutionNode = FALSE
	EndGlobalSection
	GlobalSection(NestedProjects) = preSolution
		{A9A0976F-D610-4B35-8242-0304F115EF71} = {D8007084-A351-410D-8287-35C68E31FAEE}
		{0FCEF53E-C262-446C-8E7A-81A57C10822A} = {D8007084-A351-410D-8287-35C68E31FAEE}
		{21F99BBA-A8F5-4761-977A-512929024445} = {D8007084-A351-410D-8287-35C68E31FAEE}
	EndGlobalSection
	GlobalSection(ExtensibilityGlobals) = postSolution
		SolutionGuid = {D66934E5-3222-4D08-9757-33D17AA37AAC}
	EndGlobalSection
EndGlobal
